PODS:
  - TableViewReloadAnimation (0.0.5)

DEPENDENCIES:
  - TableViewReloadAnimation

SPEC REPOS:
  https://github.com/cocoapods/specs.git:
    - TableViewReloadAnimation

SPEC CHECKSUMS:
  TableViewReloadAnimation: f3a4c4048efbc56331be98075f26a2e533a14c16

PODFILE CHECKSUM: bae0789bc330940bf22bcc98c3ad453f04d69526

COCOAPODS: 1.7.4
