// !$*UTF8*$!
{
	archiveVersion = 1;
	classes = {
	};
	objectVersion = 51;
	objects = {

/* Begin PBXBuildFile section */
		2A06727E229E907900FFAECE /* UIImageView.swift in Sources */ = {isa = PBXBuildFile; fileRef = 2A06727D229E907900FFAECE /* UIImageView.swift */; };
		2A067280229EAE4000FFAECE /* UIColor.swift in Sources */ = {isa = PBXBuildFile; fileRef = 2A06727F229EAE4000FFAECE /* UIColor.swift */; };
		2A067282229EB94000FFAECE /* UIViewController.swift in Sources */ = {isa = PBXBuildFile; fileRef = 2A067281229EB94000FFAECE /* UIViewController.swift */; };
		2A067284229ED63E00FFAECE /* EditProfileVC.swift in Sources */ = {isa = PBXBuildFile; fileRef = 2A067283229ED63E00FFAECE /* EditProfileVC.swift */; };
		2A289F9F22A53E4200EB076A /* MessageTVC.swift in Sources */ = {isa = PBXBuildFile; fileRef = 2A289F9D22A53E4200EB076A /* MessageTVC.swift */; };
		2A289FA022A53E4200EB076A /* MessageTVC.xib in Resources */ = {isa = PBXBuildFile; fileRef = 2A289F9E22A53E4200EB076A /* MessageTVC.xib */; };
		2A289FA222A5477E00EB076A /* superclarendon-lt.ttf in Resources */ = {isa = PBXBuildFile; fileRef = 2A289FA122A5477E00EB076A /* superclarendon-lt.ttf */; };
		2A289FA622A55B4C00EB076A /* UINavigationItem.swift in Sources */ = {isa = PBXBuildFile; fileRef = 2A289FA522A55B4C00EB076A /* UINavigationItem.swift */; };
		2A289FA822A56B0200EB076A /* User.swift in Sources */ = {isa = PBXBuildFile; fileRef = 2A289FA722A56B0200EB076A /* User.swift */; };
		2A289FAE22A5734400EB076A /* ConversationVC.swift in Sources */ = {isa = PBXBuildFile; fileRef = 2A289FAD22A5734400EB076A /* ConversationVC.swift */; };
		2A87EC5E22A6453800EB969D /* Message.swift in Sources */ = {isa = PBXBuildFile; fileRef = 2A87EC5D22A6453800EB969D /* Message.swift */; };
		2A87EC6322A65A6000EB969D /* SenderTVC.swift in Sources */ = {isa = PBXBuildFile; fileRef = 2A87EC6122A65A6000EB969D /* SenderTVC.swift */; };
		2A87EC6422A65A6000EB969D /* SenderTVC.xib in Resources */ = {isa = PBXBuildFile; fileRef = 2A87EC6222A65A6000EB969D /* SenderTVC.xib */; };
		2A87EC6622A69AE000EB969D /* UITableView.swift in Sources */ = {isa = PBXBuildFile; fileRef = 2A87EC6522A69AE000EB969D /* UITableView.swift */; };
		2A901E9F22AFA05900D3DD2A /* ItemImages.storyboard in Resources */ = {isa = PBXBuildFile; fileRef = 2A901E9E22AFA05900D3DD2A /* ItemImages.storyboard */; };
		2A901EA222AFA0B100D3DD2A /* ItemImagesVC.swift in Sources */ = {isa = PBXBuildFile; fileRef = 2A901EA122AFA0B100D3DD2A /* ItemImagesVC.swift */; };
		2A901EA422AFA19200D3DD2A /* Segue.swift in Sources */ = {isa = PBXBuildFile; fileRef = 2A901EA322AFA19200D3DD2A /* Segue.swift */; };
		2A901EAB22AFF9C000D3DD2A /* ReceiverTVC.swift in Sources */ = {isa = PBXBuildFile; fileRef = 2A901EA922AFF9C000D3DD2A /* ReceiverTVC.swift */; };
		2A901EAC22AFF9C000D3DD2A /* ReceiverTVC.xib in Resources */ = {isa = PBXBuildFile; fileRef = 2A901EAA22AFF9C000D3DD2A /* ReceiverTVC.xib */; };
		2A901EAE22AFFDDB00D3DD2A /* CustomCell.swift in Sources */ = {isa = PBXBuildFile; fileRef = 2A901EAD22AFFDDB00D3DD2A /* CustomCell.swift */; };
		2A90FB3C229F3C30006C246B /* Arial Black.ttf in Resources */ = {isa = PBXBuildFile; fileRef = 2A90FB3B229F3C30006C246B /* Arial Black.ttf */; };
		2A90FB3E229FB54C006C246B /* superclarendon-rg-bold.ttf in Resources */ = {isa = PBXBuildFile; fileRef = 2A90FB3D229FB54C006C246B /* superclarendon-rg-bold.ttf */; };
		2A90FB40229FC3DF006C246B /* UIFont.swift in Sources */ = {isa = PBXBuildFile; fileRef = 2A90FB3F229FC3DF006C246B /* UIFont.swift */; };
		2A90FB4222A05D40006C246B /* CameraHandler.swift in Sources */ = {isa = PBXBuildFile; fileRef = 2A90FB4122A05D40006C246B /* CameraHandler.swift */; };
		2A98DF4222AE8E9F00F6F2AE /* Donator.storyboard in Resources */ = {isa = PBXBuildFile; fileRef = 2A98DF4122AE8E9F00F6F2AE /* Donator.storyboard */; };
		2A98DF4422AE8EAA00F6F2AE /* Receiver.storyboard in Resources */ = {isa = PBXBuildFile; fileRef = 2A98DF4322AE8EAA00F6F2AE /* Receiver.storyboard */; };
		2A98DF4622AE8F6800F6F2AE /* DonatorVC.swift in Sources */ = {isa = PBXBuildFile; fileRef = 2A98DF4522AE8F6800F6F2AE /* DonatorVC.swift */; };
		2A98DF4822AE8F9200F6F2AE /* ReceiverVC.swift in Sources */ = {isa = PBXBuildFile; fileRef = 2A98DF4722AE8F9200F6F2AE /* ReceiverVC.swift */; };
		2A98DF4A22AEBC9800F6F2AE /* DonatorItem.swift in Sources */ = {isa = PBXBuildFile; fileRef = 2A98DF4922AEBC9800F6F2AE /* DonatorItem.swift */; };
		2A98DF4C22AEBD6400F6F2AE /* DonatorItemType.swift in Sources */ = {isa = PBXBuildFile; fileRef = 2A98DF4B22AEBD6400F6F2AE /* DonatorItemType.swift */; };
		2A98DF4E22AECFCC00F6F2AE /* UITextView.swift in Sources */ = {isa = PBXBuildFile; fileRef = 2A98DF4D22AECFCC00F6F2AE /* UITextView.swift */; };
		2AAA793D22AA47E800529F2B /* UITextField.swift in Sources */ = {isa = PBXBuildFile; fileRef = 2AAA793C22AA47E800529F2B /* UITextField.swift */; };
		2AAA794322AAB8E000529F2B /* ItemDetailsVC.swift in Sources */ = {isa = PBXBuildFile; fileRef = 2AAA794222AAB8E000529F2B /* ItemDetailsVC.swift */; };
		2AB43529229E55FE007BFB93 /* AppDelegate.swift in Sources */ = {isa = PBXBuildFile; fileRef = 2AB43528229E55FE007BFB93 /* AppDelegate.swift */; };
		2AB4352E229E55FE007BFB93 /* Main.storyboard in Resources */ = {isa = PBXBuildFile; fileRef = 2AB4352C229E55FE007BFB93 /* Main.storyboard */; };
		2AB43530229E55FF007BFB93 /* Assets.xcassets in Resources */ = {isa = PBXBuildFile; fileRef = 2AB4352F229E55FF007BFB93 /* Assets.xcassets */; };
		2AB43533229E55FF007BFB93 /* LaunchScreen.storyboard in Resources */ = {isa = PBXBuildFile; fileRef = 2AB43531229E55FF007BFB93 /* LaunchScreen.storyboard */; };
		2AB43541229E638B007BFB93 /* ProfileVC.swift in Sources */ = {isa = PBXBuildFile; fileRef = 2AB43540229E638B007BFB93 /* ProfileVC.swift */; };
		2AB43543229E63C6007BFB93 /* SharingVC.swift in Sources */ = {isa = PBXBuildFile; fileRef = 2AB43542229E63C6007BFB93 /* SharingVC.swift */; };
		2AB43545229E63F1007BFB93 /* MessageVC.swift in Sources */ = {isa = PBXBuildFile; fileRef = 2AB43544229E63F1007BFB93 /* MessageVC.swift */; };
		2AB43547229E6425007BFB93 /* HistoryFavoriteVC.swift in Sources */ = {isa = PBXBuildFile; fileRef = 2AB43546229E6425007BFB93 /* HistoryFavoriteVC.swift */; };
		2AC159FB22A7BBEA00CE935B /* UIButton.swift in Sources */ = {isa = PBXBuildFile; fileRef = 2AC159FA22A7BBEA00CE935B /* UIButton.swift */; };
		2AC159FE22A7C40E00CE935B /* SignInSignUp.storyboard in Resources */ = {isa = PBXBuildFile; fileRef = 2AC159FD22A7C40E00CE935B /* SignInSignUp.storyboard */; };
		2AC15A0122A7C4D200CE935B /* SignInSignUpVC.swift in Sources */ = {isa = PBXBuildFile; fileRef = 2AC15A0022A7C4D200CE935B /* SignInSignUpVC.swift */; };
		2AC15A0322A7FC2C00CE935B /* LostPasswordVC.swift in Sources */ = {isa = PBXBuildFile; fileRef = 2AC15A0222A7FC2C00CE935B /* LostPasswordVC.swift */; };
		2AC8D0F522A0869D00416832 /* UIAlert.swift in Sources */ = {isa = PBXBuildFile; fileRef = 2AC8D0F422A0869D00416832 /* UIAlert.swift */; };
		2AC8D0F822A1291700416832 /* Profile.storyboard in Resources */ = {isa = PBXBuildFile; fileRef = 2AC8D0F722A1291700416832 /* Profile.storyboard */; };
		2AC8D0FA22A1298A00416832 /* Message.storyboard in Resources */ = {isa = PBXBuildFile; fileRef = 2AC8D0F922A1298A00416832 /* Message.storyboard */; };
		2AC8D0FC22A129A900416832 /* Sharing.storyboard in Resources */ = {isa = PBXBuildFile; fileRef = 2AC8D0FB22A129A900416832 /* Sharing.storyboard */; };
		2AC8D0FE22A12A5000416832 /* HistoryFavorite.storyboard in Resources */ = {isa = PBXBuildFile; fileRef = 2AC8D0FD22A12A5000416832 /* HistoryFavorite.storyboard */; };
		2AD516A122B05B280032F28F /* ItemSelectedVC.swift in Sources */ = {isa = PBXBuildFile; fileRef = 2AD516A022B05B280032F28F /* ItemSelectedVC.swift */; };
		2AD516A422B11ECD0032F28F /* MapView.storyboard in Resources */ = {isa = PBXBuildFile; fileRef = 2AD516A322B11ECD0032F28F /* MapView.storyboard */; };
		2AD516A922B11F640032F28F /* MapViewVC.swift in Sources */ = {isa = PBXBuildFile; fileRef = 2AD516A822B11F640032F28F /* MapViewVC.swift */; };
		2AD516AB22B13A5B0032F28F /* LocationHandler.swift in Sources */ = {isa = PBXBuildFile; fileRef = 2AD516AA22B13A5B0032F28F /* LocationHandler.swift */; };
		2ADD45D222A634DB003B12E6 /* ConversationTVC.swift in Sources */ = {isa = PBXBuildFile; fileRef = 2ADD45D022A634DB003B12E6 /* ConversationTVC.swift */; };
		2ADD45D322A634DB003B12E6 /* ConversationTVC.xib in Resources */ = {isa = PBXBuildFile; fileRef = 2ADD45D122A634DB003B12E6 /* ConversationTVC.xib */; };
		2AE322B322ADC5B600CF627C /* AlertTitle.swift in Sources */ = {isa = PBXBuildFile; fileRef = 2AE322B222ADC5B600CF627C /* AlertTitle.swift */; };
		2AE322B522ADC69400CF627C /* AlertMessage.swift in Sources */ = {isa = PBXBuildFile; fileRef = 2AE322B422ADC69400CF627C /* AlertMessage.swift */; };
		2AF66B2722ABBF22005BAE31 /* StaticItemDetail.swift in Sources */ = {isa = PBXBuildFile; fileRef = 2AF66B2622ABBF22005BAE31 /* StaticItemDetail.swift */; };
		2AF66B2922AC0AA8005BAE31 /* EventHandler.swift in Sources */ = {isa = PBXBuildFile; fileRef = 2AF66B2822AC0AA8005BAE31 /* EventHandler.swift */; };
		2AF66B2B22AC0D5B005BAE31 /* ActionSheetLabel.swift in Sources */ = {isa = PBXBuildFile; fileRef = 2AF66B2A22AC0D5B005BAE31 /* ActionSheetLabel.swift */; };
		2AFA4EC022A8FC9E0039803E /* HistoryTVC.swift in Sources */ = {isa = PBXBuildFile; fileRef = 2AFA4EBE22A8FC9E0039803E /* HistoryTVC.swift */; };
		2AFA4EC122A8FC9E0039803E /* HistoryTVC.xib in Resources */ = {isa = PBXBuildFile; fileRef = 2AFA4EBF22A8FC9E0039803E /* HistoryTVC.xib */; };
		2AFA4EC422A8FCBB0039803E /* FavoriteTVC.swift in Sources */ = {isa = PBXBuildFile; fileRef = 2AFA4EC222A8FCBB0039803E /* FavoriteTVC.swift */; };
		2AFA4EC522A8FCBB0039803E /* FavoriteTVC.xib in Resources */ = {isa = PBXBuildFile; fileRef = 2AFA4EC322A8FCBB0039803E /* FavoriteTVC.xib */; };
		2AFA4EC722A914A00039803E /* UIBarButtonItem.swift in Sources */ = {isa = PBXBuildFile; fileRef = 2AFA4EC622A914A00039803E /* UIBarButtonItem.swift */; };
		2AFA4ECA22A9AA290039803E /* StaticLabel.swift in Sources */ = {isa = PBXBuildFile; fileRef = 2AFA4EC922A9AA290039803E /* StaticLabel.swift */; };
		2AFA4ECC22A9AAF30039803E /* ButtonName.swift in Sources */ = {isa = PBXBuildFile; fileRef = 2AFA4ECB22A9AAF30039803E /* ButtonName.swift */; };
		2AFA4ECE22A9AB320039803E /* CustomFont.swift in Sources */ = {isa = PBXBuildFile; fileRef = 2AFA4ECD22A9AB320039803E /* CustomFont.swift */; };
		2AFA4ED022A9AB540039803E /* FontSize.swift in Sources */ = {isa = PBXBuildFile; fileRef = 2AFA4ECF22A9AB540039803E /* FontSize.swift */; };
/* End PBXBuildFile section */

/* Begin PBXFileReference section */
		2A06727D229E907900FFAECE /* UIImageView.swift */ = {isa = PBXFileReference; lastKnownFileType = sourcecode.swift; path = UIImageView.swift; sourceTree = "<group>"; };
		2A06727F229EAE4000FFAECE /* UIColor.swift */ = {isa = PBXFileReference; lastKnownFileType = sourcecode.swift; path = UIColor.swift; sourceTree = "<group>"; };
		2A067281229EB94000FFAECE /* UIViewController.swift */ = {isa = PBXFileReference; lastKnownFileType = sourcecode.swift; path = UIViewController.swift; sourceTree = "<group>"; };
		2A067283229ED63E00FFAECE /* EditProfileVC.swift */ = {isa = PBXFileReference; lastKnownFileType = sourcecode.swift; path = EditProfileVC.swift; sourceTree = "<group>"; };
		2A289F9D22A53E4200EB076A /* MessageTVC.swift */ = {isa = PBXFileReference; lastKnownFileType = sourcecode.swift; path = MessageTVC.swift; sourceTree = "<group>"; };
		2A289F9E22A53E4200EB076A /* MessageTVC.xib */ = {isa = PBXFileReference; lastKnownFileType = file.xib; path = MessageTVC.xib; sourceTree = "<group>"; };
		2A289FA122A5477E00EB076A /* superclarendon-lt.ttf */ = {isa = PBXFileReference; lastKnownFileType = file; path = "superclarendon-lt.ttf"; sourceTree = "<group>"; };
		2A289FA522A55B4C00EB076A /* UINavigationItem.swift */ = {isa = PBXFileReference; lastKnownFileType = sourcecode.swift; path = UINavigationItem.swift; sourceTree = "<group>"; };
		2A289FA722A56B0200EB076A /* User.swift */ = {isa = PBXFileReference; lastKnownFileType = sourcecode.swift; path = User.swift; sourceTree = "<group>"; };
		2A289FAD22A5734400EB076A /* ConversationVC.swift */ = {isa = PBXFileReference; lastKnownFileType = sourcecode.swift; path = ConversationVC.swift; sourceTree = "<group>"; };
		2A87EC5D22A6453800EB969D /* Message.swift */ = {isa = PBXFileReference; lastKnownFileType = sourcecode.swift; path = Message.swift; sourceTree = "<group>"; };
		2A87EC6122A65A6000EB969D /* SenderTVC.swift */ = {isa = PBXFileReference; lastKnownFileType = sourcecode.swift; path = SenderTVC.swift; sourceTree = "<group>"; };
		2A87EC6222A65A6000EB969D /* SenderTVC.xib */ = {isa = PBXFileReference; lastKnownFileType = file.xib; path = SenderTVC.xib; sourceTree = "<group>"; };
		2A87EC6522A69AE000EB969D /* UITableView.swift */ = {isa = PBXFileReference; lastKnownFileType = sourcecode.swift; path = UITableView.swift; sourceTree = "<group>"; };
		2A901E9E22AFA05900D3DD2A /* ItemImages.storyboard */ = {isa = PBXFileReference; lastKnownFileType = file.storyboard; path = ItemImages.storyboard; sourceTree = "<group>"; };
		2A901EA122AFA0B100D3DD2A /* ItemImagesVC.swift */ = {isa = PBXFileReference; lastKnownFileType = sourcecode.swift; path = ItemImagesVC.swift; sourceTree = "<group>"; };
		2A901EA322AFA19200D3DD2A /* Segue.swift */ = {isa = PBXFileReference; lastKnownFileType = sourcecode.swift; path = Segue.swift; sourceTree = "<group>"; };
		2A901EA922AFF9C000D3DD2A /* ReceiverTVC.swift */ = {isa = PBXFileReference; lastKnownFileType = sourcecode.swift; path = ReceiverTVC.swift; sourceTree = "<group>"; };
		2A901EAA22AFF9C000D3DD2A /* ReceiverTVC.xib */ = {isa = PBXFileReference; lastKnownFileType = file.xib; path = ReceiverTVC.xib; sourceTree = "<group>"; };
		2A901EAD22AFFDDB00D3DD2A /* CustomCell.swift */ = {isa = PBXFileReference; lastKnownFileType = sourcecode.swift; path = CustomCell.swift; sourceTree = "<group>"; };
		2A90FB3B229F3C30006C246B /* Arial Black.ttf */ = {isa = PBXFileReference; lastKnownFileType = file; path = "Arial Black.ttf"; sourceTree = "<group>"; };
		2A90FB3D229FB54C006C246B /* superclarendon-rg-bold.ttf */ = {isa = PBXFileReference; lastKnownFileType = file; path = "superclarendon-rg-bold.ttf"; sourceTree = "<group>"; };
		2A90FB3F229FC3DF006C246B /* UIFont.swift */ = {isa = PBXFileReference; lastKnownFileType = sourcecode.swift; path = UIFont.swift; sourceTree = "<group>"; };
		2A90FB4122A05D40006C246B /* CameraHandler.swift */ = {isa = PBXFileReference; lastKnownFileType = sourcecode.swift; path = CameraHandler.swift; sourceTree = "<group>"; };
		2A98DF4122AE8E9F00F6F2AE /* Donator.storyboard */ = {isa = PBXFileReference; lastKnownFileType = file.storyboard; path = Donator.storyboard; sourceTree = "<group>"; };
		2A98DF4322AE8EAA00F6F2AE /* Receiver.storyboard */ = {isa = PBXFileReference; lastKnownFileType = file.storyboard; path = Receiver.storyboard; sourceTree = "<group>"; };
		2A98DF4522AE8F6800F6F2AE /* DonatorVC.swift */ = {isa = PBXFileReference; lastKnownFileType = sourcecode.swift; path = DonatorVC.swift; sourceTree = "<group>"; };
		2A98DF4722AE8F9200F6F2AE /* ReceiverVC.swift */ = {isa = PBXFileReference; lastKnownFileType = sourcecode.swift; path = ReceiverVC.swift; sourceTree = "<group>"; };
		2A98DF4922AEBC9800F6F2AE /* DonatorItem.swift */ = {isa = PBXFileReference; lastKnownFileType = sourcecode.swift; path = DonatorItem.swift; sourceTree = "<group>"; };
		2A98DF4B22AEBD6400F6F2AE /* DonatorItemType.swift */ = {isa = PBXFileReference; lastKnownFileType = sourcecode.swift; path = DonatorItemType.swift; sourceTree = "<group>"; };
		2A98DF4D22AECFCC00F6F2AE /* UITextView.swift */ = {isa = PBXFileReference; lastKnownFileType = sourcecode.swift; path = UITextView.swift; sourceTree = "<group>"; };
		2AAA793C22AA47E800529F2B /* UITextField.swift */ = {isa = PBXFileReference; lastKnownFileType = sourcecode.swift; path = UITextField.swift; sourceTree = "<group>"; };
		2AAA794222AAB8E000529F2B /* ItemDetailsVC.swift */ = {isa = PBXFileReference; lastKnownFileType = sourcecode.swift; path = ItemDetailsVC.swift; sourceTree = "<group>"; };
		2AB43525229E55FE007BFB93 /* Partage.app */ = {isa = PBXFileReference; explicitFileType = wrapper.application; includeInIndex = 0; path = Partage.app; sourceTree = BUILT_PRODUCTS_DIR; };
		2AB43528229E55FE007BFB93 /* AppDelegate.swift */ = {isa = PBXFileReference; lastKnownFileType = sourcecode.swift; path = AppDelegate.swift; sourceTree = "<group>"; };
		2AB4352D229E55FE007BFB93 /* Base */ = {isa = PBXFileReference; lastKnownFileType = file.storyboard; name = Base; path = Base.lproj/Main.storyboard; sourceTree = "<group>"; };
		2AB4352F229E55FF007BFB93 /* Assets.xcassets */ = {isa = PBXFileReference; lastKnownFileType = folder.assetcatalog; path = Assets.xcassets; sourceTree = "<group>"; };
		2AB43532229E55FF007BFB93 /* Base */ = {isa = PBXFileReference; lastKnownFileType = file.storyboard; name = Base; path = Base.lproj/LaunchScreen.storyboard; sourceTree = "<group>"; };
		2AB43534229E55FF007BFB93 /* Info.plist */ = {isa = PBXFileReference; lastKnownFileType = text.plist.xml; path = Info.plist; sourceTree = "<group>"; };
		2AB43540229E638B007BFB93 /* ProfileVC.swift */ = {isa = PBXFileReference; lastKnownFileType = sourcecode.swift; path = ProfileVC.swift; sourceTree = "<group>"; };
		2AB43542229E63C6007BFB93 /* SharingVC.swift */ = {isa = PBXFileReference; lastKnownFileType = sourcecode.swift; path = SharingVC.swift; sourceTree = "<group>"; };
		2AB43544229E63F1007BFB93 /* MessageVC.swift */ = {isa = PBXFileReference; lastKnownFileType = sourcecode.swift; path = MessageVC.swift; sourceTree = "<group>"; };
		2AB43546229E6425007BFB93 /* HistoryFavoriteVC.swift */ = {isa = PBXFileReference; lastKnownFileType = sourcecode.swift; path = HistoryFavoriteVC.swift; sourceTree = "<group>"; };
		2AC159FA22A7BBEA00CE935B /* UIButton.swift */ = {isa = PBXFileReference; lastKnownFileType = sourcecode.swift; path = UIButton.swift; sourceTree = "<group>"; };
		2AC159FD22A7C40E00CE935B /* SignInSignUp.storyboard */ = {isa = PBXFileReference; lastKnownFileType = file.storyboard; path = SignInSignUp.storyboard; sourceTree = "<group>"; };
		2AC15A0022A7C4D200CE935B /* SignInSignUpVC.swift */ = {isa = PBXFileReference; lastKnownFileType = sourcecode.swift; path = SignInSignUpVC.swift; sourceTree = "<group>"; };
		2AC15A0222A7FC2C00CE935B /* LostPasswordVC.swift */ = {isa = PBXFileReference; lastKnownFileType = sourcecode.swift; path = LostPasswordVC.swift; sourceTree = "<group>"; };
		2AC8D0F422A0869D00416832 /* UIAlert.swift */ = {isa = PBXFileReference; lastKnownFileType = sourcecode.swift; path = UIAlert.swift; sourceTree = "<group>"; };
		2AC8D0F722A1291700416832 /* Profile.storyboard */ = {isa = PBXFileReference; lastKnownFileType = file.storyboard; path = Profile.storyboard; sourceTree = "<group>"; };
		2AC8D0F922A1298A00416832 /* Message.storyboard */ = {isa = PBXFileReference; lastKnownFileType = file.storyboard; path = Message.storyboard; sourceTree = "<group>"; };
		2AC8D0FB22A129A900416832 /* Sharing.storyboard */ = {isa = PBXFileReference; lastKnownFileType = file.storyboard; path = Sharing.storyboard; sourceTree = "<group>"; };
		2AC8D0FD22A12A5000416832 /* HistoryFavorite.storyboard */ = {isa = PBXFileReference; lastKnownFileType = file.storyboard; path = HistoryFavorite.storyboard; sourceTree = "<group>"; };
		2AD516A022B05B280032F28F /* ItemSelectedVC.swift */ = {isa = PBXFileReference; lastKnownFileType = sourcecode.swift; path = ItemSelectedVC.swift; sourceTree = "<group>"; };
		2AD516A322B11ECD0032F28F /* MapView.storyboard */ = {isa = PBXFileReference; lastKnownFileType = file.storyboard; path = MapView.storyboard; sourceTree = "<group>"; };
		2AD516A822B11F640032F28F /* MapViewVC.swift */ = {isa = PBXFileReference; lastKnownFileType = sourcecode.swift; path = MapViewVC.swift; sourceTree = "<group>"; };
		2AD516AA22B13A5B0032F28F /* LocationHandler.swift */ = {isa = PBXFileReference; lastKnownFileType = sourcecode.swift; path = LocationHandler.swift; sourceTree = "<group>"; };
		2ADD45D022A634DB003B12E6 /* ConversationTVC.swift */ = {isa = PBXFileReference; lastKnownFileType = sourcecode.swift; path = ConversationTVC.swift; sourceTree = "<group>"; };
		2ADD45D122A634DB003B12E6 /* ConversationTVC.xib */ = {isa = PBXFileReference; lastKnownFileType = file.xib; path = ConversationTVC.xib; sourceTree = "<group>"; };
		2AE322B222ADC5B600CF627C /* AlertTitle.swift */ = {isa = PBXFileReference; lastKnownFileType = sourcecode.swift; path = AlertTitle.swift; sourceTree = "<group>"; };
		2AE322B422ADC69400CF627C /* AlertMessage.swift */ = {isa = PBXFileReference; lastKnownFileType = sourcecode.swift; path = AlertMessage.swift; sourceTree = "<group>"; };
		2AF66B2622ABBF22005BAE31 /* StaticItemDetail.swift */ = {isa = PBXFileReference; lastKnownFileType = sourcecode.swift; path = StaticItemDetail.swift; sourceTree = "<group>"; };
		2AF66B2822AC0AA8005BAE31 /* EventHandler.swift */ = {isa = PBXFileReference; lastKnownFileType = sourcecode.swift; path = EventHandler.swift; sourceTree = "<group>"; };
		2AF66B2A22AC0D5B005BAE31 /* ActionSheetLabel.swift */ = {isa = PBXFileReference; lastKnownFileType = sourcecode.swift; path = ActionSheetLabel.swift; sourceTree = "<group>"; };
		2AFA4EBE22A8FC9E0039803E /* HistoryTVC.swift */ = {isa = PBXFileReference; lastKnownFileType = sourcecode.swift; path = HistoryTVC.swift; sourceTree = "<group>"; };
		2AFA4EBF22A8FC9E0039803E /* HistoryTVC.xib */ = {isa = PBXFileReference; lastKnownFileType = file.xib; path = HistoryTVC.xib; sourceTree = "<group>"; };
		2AFA4EC222A8FCBB0039803E /* FavoriteTVC.swift */ = {isa = PBXFileReference; lastKnownFileType = sourcecode.swift; path = FavoriteTVC.swift; sourceTree = "<group>"; };
		2AFA4EC322A8FCBB0039803E /* FavoriteTVC.xib */ = {isa = PBXFileReference; lastKnownFileType = file.xib; path = FavoriteTVC.xib; sourceTree = "<group>"; };
		2AFA4EC622A914A00039803E /* UIBarButtonItem.swift */ = {isa = PBXFileReference; lastKnownFileType = sourcecode.swift; path = UIBarButtonItem.swift; sourceTree = "<group>"; };
		2AFA4EC922A9AA290039803E /* StaticLabel.swift */ = {isa = PBXFileReference; lastKnownFileType = sourcecode.swift; path = StaticLabel.swift; sourceTree = "<group>"; };
		2AFA4ECB22A9AAF30039803E /* ButtonName.swift */ = {isa = PBXFileReference; lastKnownFileType = sourcecode.swift; path = ButtonName.swift; sourceTree = "<group>"; };
		2AFA4ECD22A9AB320039803E /* CustomFont.swift */ = {isa = PBXFileReference; lastKnownFileType = sourcecode.swift; path = CustomFont.swift; sourceTree = "<group>"; };
		2AFA4ECF22A9AB540039803E /* FontSize.swift */ = {isa = PBXFileReference; lastKnownFileType = sourcecode.swift; path = FontSize.swift; sourceTree = "<group>"; };
/* End PBXFileReference section */

/* Begin PBXFrameworksBuildPhase section */
		2AB43522229E55FE007BFB93 /* Frameworks */ = {
			isa = PBXFrameworksBuildPhase;
			buildActionMask = 2147483647;
			files = (
			);
			runOnlyForDeploymentPostprocessing = 0;
		};
/* End PBXFrameworksBuildPhase section */

/* Begin PBXGroup section */
		2A067279229E8B6A00FFAECE /* Fonts */ = {
			isa = PBXGroup;
			children = (
				2A90FB3D229FB54C006C246B /* superclarendon-rg-bold.ttf */,
				2A289FA122A5477E00EB076A /* superclarendon-lt.ttf */,
				2A90FB3B229F3C30006C246B /* Arial Black.ttf */,
			);
			path = Fonts;
			sourceTree = "<group>";
		};
		2A06727C229E905E00FFAECE /* Extensions */ = {
			isa = PBXGroup;
			children = (
				2A06727D229E907900FFAECE /* UIImageView.swift */,
				2A06727F229EAE4000FFAECE /* UIColor.swift */,
				2A90FB3F229FC3DF006C246B /* UIFont.swift */,
				2A067281229EB94000FFAECE /* UIViewController.swift */,
				2AC8D0F422A0869D00416832 /* UIAlert.swift */,
				2A87EC6522A69AE000EB969D /* UITableView.swift */,
				2AC159FA22A7BBEA00CE935B /* UIButton.swift */,
				2AFA4EC622A914A00039803E /* UIBarButtonItem.swift */,
				2A289FA522A55B4C00EB076A /* UINavigationItem.swift */,
				2AAA793C22AA47E800529F2B /* UITextField.swift */,
				2A98DF4D22AECFCC00F6F2AE /* UITextView.swift */,
			);
			path = Extensions;
			sourceTree = "<group>";
		};
		2A289F9C22A53D7200EB076A /* Custom Cells */ = {
			isa = PBXGroup;
			children = (
				2A901EA822AFF98200D3DD2A /* Receiver */,
				2A87EC6022A65A1500EB969D /* Message */,
				2AFA4EBD22A8FC5B0039803E /* History Favorite */,
			);
			path = "Custom Cells";
			sourceTree = "<group>";
		};
		2A87EC5F22A659F300EB969D /* Conversation Cells */ = {
			isa = PBXGroup;
			children = (
				2ADD45D022A634DB003B12E6 /* ConversationTVC.swift */,
				2ADD45D122A634DB003B12E6 /* ConversationTVC.xib */,
				2A87EC6122A65A6000EB969D /* SenderTVC.swift */,
				2A87EC6222A65A6000EB969D /* SenderTVC.xib */,
			);
			path = "Conversation Cells";
			sourceTree = "<group>";
		};
		2A87EC6022A65A1500EB969D /* Message */ = {
			isa = PBXGroup;
			children = (
				2A289F9D22A53E4200EB076A /* MessageTVC.swift */,
				2A289F9E22A53E4200EB076A /* MessageTVC.xib */,
				2A87EC5F22A659F300EB969D /* Conversation Cells */,
			);
			path = Message;
			sourceTree = "<group>";
		};
		2A901EA022AFA08700D3DD2A /* ItemImages */ = {
			isa = PBXGroup;
			children = (
				2A901EA122AFA0B100D3DD2A /* ItemImagesVC.swift */,
			);
			path = ItemImages;
			sourceTree = "<group>";
		};
		2A901EA722AFA9DB00D3DD2A /* Item Images */ = {
			isa = PBXGroup;
			children = (
				2A901E9E22AFA05900D3DD2A /* ItemImages.storyboard */,
			);
			path = "Item Images";
			sourceTree = "<group>";
		};
		2A901EA822AFF98200D3DD2A /* Receiver */ = {
			isa = PBXGroup;
			children = (
				2A901EA922AFF9C000D3DD2A /* ReceiverTVC.swift */,
				2A901EAA22AFF9C000D3DD2A /* ReceiverTVC.xib */,
			);
			path = Receiver;
			sourceTree = "<group>";
		};
		2A98DF4022AE8E7500F6F2AE /* Sharing */ = {
			isa = PBXGroup;
			children = (
				2AC8D0FB22A129A900416832 /* Sharing.storyboard */,
				2A98DF4122AE8E9F00F6F2AE /* Donator.storyboard */,
				2A98DF4322AE8EAA00F6F2AE /* Receiver.storyboard */,
			);
			path = Sharing;
			sourceTree = "<group>";
		};
		2AB4351C229E55FE007BFB93 = {
			isa = PBXGroup;
			children = (
				2AB43527229E55FE007BFB93 /* Partage */,
				2AB43526229E55FE007BFB93 /* Products */,
			);
			sourceTree = "<group>";
		};
		2AB43526229E55FE007BFB93 /* Products */ = {
			isa = PBXGroup;
			children = (
				2AB43525229E55FE007BFB93 /* Partage.app */,
			);
			name = Products;
			sourceTree = "<group>";
		};
		2AB43527229E55FE007BFB93 /* Partage */ = {
			isa = PBXGroup;
			children = (
				2AB4353B229E56F0007BFB93 /* Supporting Files */,
				2AFA4EC822A9A9EE0039803E /* Enums */,
				2A06727C229E905E00FFAECE /* Extensions */,
				2AB4353D229E5712007BFB93 /* Model */,
				2AB4353A229E56C9007BFB93 /* View */,
				2AB4353C229E5703007BFB93 /* Controller */,
			);
			path = Partage;
			sourceTree = "<group>";
		};
		2AB4353A229E56C9007BFB93 /* View */ = {
			isa = PBXGroup;
			children = (
				2AC8D0F622A128C300416832 /* Storyboards */,
				2A289F9C22A53D7200EB076A /* Custom Cells */,
			);
			path = View;
			sourceTree = "<group>";
		};
		2AB4353B229E56F0007BFB93 /* Supporting Files */ = {
			isa = PBXGroup;
			children = (
				2AB43528229E55FE007BFB93 /* AppDelegate.swift */,
				2AB4352F229E55FF007BFB93 /* Assets.xcassets */,
				2AB43531229E55FF007BFB93 /* LaunchScreen.storyboard */,
				2AB43534229E55FF007BFB93 /* Info.plist */,
				2A067279229E8B6A00FFAECE /* Fonts */,
			);
			path = "Supporting Files";
			sourceTree = "<group>";
		};
		2AB4353C229E5703007BFB93 /* Controller */ = {
			isa = PBXGroup;
			children = (
				2AB4354A229E6DB1007BFB93 /* Sharing */,
				2AB4354B229E6DC4007BFB93 /* Message */,
				2AB4354C229E6DCE007BFB93 /* HistoryFavorite */,
				2AB43549229E6DA6007BFB93 /* Profile */,
				2AC159FF22A7C49D00CE935B /* SignInSignUp */,
				2A901EA022AFA08700D3DD2A /* ItemImages */,
				2AD516A522B11EEB0032F28F /* MapView */,
			);
			path = Controller;
			sourceTree = "<group>";
		};
		2AB4353D229E5712007BFB93 /* Model */ = {
			isa = PBXGroup;
			children = (
				2AF66B2C22AC0DEF005BAE31 /* Handlers */,
				2A289FA722A56B0200EB076A /* User.swift */,
				2A87EC5D22A6453800EB969D /* Message.swift */,
				2A98DF4922AEBC9800F6F2AE /* DonatorItem.swift */,
			);
			path = Model;
			sourceTree = "<group>";
		};
		2AB43549229E6DA6007BFB93 /* Profile */ = {
			isa = PBXGroup;
			children = (
				2AB43540229E638B007BFB93 /* ProfileVC.swift */,
				2A067283229ED63E00FFAECE /* EditProfileVC.swift */,
			);
			path = Profile;
			sourceTree = "<group>";
		};
		2AB4354A229E6DB1007BFB93 /* Sharing */ = {
			isa = PBXGroup;
			children = (
				2AB43542229E63C6007BFB93 /* SharingVC.swift */,
				2AD5169E22B05AB60032F28F /* Donator */,
				2AD5169F22B05AD00032F28F /* Receiver */,
			);
			path = Sharing;
			sourceTree = "<group>";
		};
		2AB4354B229E6DC4007BFB93 /* Message */ = {
			isa = PBXGroup;
			children = (
				2AB43544229E63F1007BFB93 /* MessageVC.swift */,
				2A289FAD22A5734400EB076A /* ConversationVC.swift */,
			);
			path = Message;
			sourceTree = "<group>";
		};
		2AB4354C229E6DCE007BFB93 /* HistoryFavorite */ = {
			isa = PBXGroup;
			children = (
				2AB43546229E6425007BFB93 /* HistoryFavoriteVC.swift */,
				2AAA794222AAB8E000529F2B /* ItemDetailsVC.swift */,
			);
			path = HistoryFavorite;
			sourceTree = "<group>";
		};
		2AC159FC22A7C3D500CE935B /* SignIn SignUp */ = {
			isa = PBXGroup;
			children = (
				2AC159FD22A7C40E00CE935B /* SignInSignUp.storyboard */,
			);
			path = "SignIn SignUp";
			sourceTree = "<group>";
		};
		2AC159FF22A7C49D00CE935B /* SignInSignUp */ = {
			isa = PBXGroup;
			children = (
				2AC15A0022A7C4D200CE935B /* SignInSignUpVC.swift */,
				2AC15A0222A7FC2C00CE935B /* LostPasswordVC.swift */,
			);
			path = SignInSignUp;
			sourceTree = "<group>";
		};
		2AC8D0F622A128C300416832 /* Storyboards */ = {
			isa = PBXGroup;
			children = (
				2AB4352C229E55FE007BFB93 /* Main.storyboard */,
				2AFEF39F22A869ED00BBDFD1 /* Tab Bar Icons */,
				2AC159FC22A7C3D500CE935B /* SignIn SignUp */,
				2A901EA722AFA9DB00D3DD2A /* Item Images */,
				2AD516A222B11E940032F28F /* Map View */,
			);
			path = Storyboards;
			sourceTree = "<group>";
		};
		2AD5169E22B05AB60032F28F /* Donator */ = {
			isa = PBXGroup;
			children = (
				2A98DF4522AE8F6800F6F2AE /* DonatorVC.swift */,
			);
			path = Donator;
			sourceTree = "<group>";
		};
		2AD5169F22B05AD00032F28F /* Receiver */ = {
			isa = PBXGroup;
			children = (
				2A98DF4722AE8F9200F6F2AE /* ReceiverVC.swift */,
				2AD516A022B05B280032F28F /* ItemSelectedVC.swift */,
			);
			path = Receiver;
			sourceTree = "<group>";
		};
		2AD516A222B11E940032F28F /* Map View */ = {
			isa = PBXGroup;
			children = (
				2AD516A322B11ECD0032F28F /* MapView.storyboard */,
			);
			path = "Map View";
			sourceTree = "<group>";
		};
		2AD516A522B11EEB0032F28F /* MapView */ = {
			isa = PBXGroup;
			children = (
				2AD516A822B11F640032F28F /* MapViewVC.swift */,
			);
			path = MapView;
			sourceTree = "<group>";
		};
		2AF66B2C22AC0DEF005BAE31 /* Handlers */ = {
			isa = PBXGroup;
			children = (
				2A90FB4122A05D40006C246B /* CameraHandler.swift */,
				2AF66B2822AC0AA8005BAE31 /* EventHandler.swift */,
				2AD516AA22B13A5B0032F28F /* LocationHandler.swift */,
			);
			path = Handlers;
			sourceTree = "<group>";
		};
		2AFA4EBD22A8FC5B0039803E /* History Favorite */ = {
			isa = PBXGroup;
			children = (
				2AFA4EBE22A8FC9E0039803E /* HistoryTVC.swift */,
				2AFA4EBF22A8FC9E0039803E /* HistoryTVC.xib */,
				2AFA4EC222A8FCBB0039803E /* FavoriteTVC.swift */,
				2AFA4EC322A8FCBB0039803E /* FavoriteTVC.xib */,
			);
			path = "History Favorite";
			sourceTree = "<group>";
		};
		2AFA4EC822A9A9EE0039803E /* Enums */ = {
			isa = PBXGroup;
			children = (
				2AFA4EC922A9AA290039803E /* StaticLabel.swift */,
				2AFA4ECB22A9AAF30039803E /* ButtonName.swift */,
				2AFA4ECD22A9AB320039803E /* CustomFont.swift */,
				2AFA4ECF22A9AB540039803E /* FontSize.swift */,
				2AF66B2622ABBF22005BAE31 /* StaticItemDetail.swift */,
				2AF66B2A22AC0D5B005BAE31 /* ActionSheetLabel.swift */,
				2AE322B222ADC5B600CF627C /* AlertTitle.swift */,
				2AE322B422ADC69400CF627C /* AlertMessage.swift */,
				2A98DF4B22AEBD6400F6F2AE /* DonatorItemType.swift */,
				2A901EA322AFA19200D3DD2A /* Segue.swift */,
				2A901EAD22AFFDDB00D3DD2A /* CustomCell.swift */,
			);
			path = Enums;
			sourceTree = "<group>";
		};
		2AFEF39F22A869ED00BBDFD1 /* Tab Bar Icons */ = {
			isa = PBXGroup;
			children = (
				2A98DF4022AE8E7500F6F2AE /* Sharing */,
				2AC8D0F922A1298A00416832 /* Message.storyboard */,
				2AC8D0FD22A12A5000416832 /* HistoryFavorite.storyboard */,
				2AC8D0F722A1291700416832 /* Profile.storyboard */,
			);
			path = "Tab Bar Icons";
			sourceTree = "<group>";
		};
/* End PBXGroup section */

/* Begin PBXNativeTarget section */
		2AB43524229E55FE007BFB93 /* Partage */ = {
			isa = PBXNativeTarget;
			buildConfigurationList = 2AB43537229E55FF007BFB93 /* Build configuration list for PBXNativeTarget "Partage" */;
			buildPhases = (
				2AB43521229E55FE007BFB93 /* Sources */,
				2AB43522229E55FE007BFB93 /* Frameworks */,
				2AB43523229E55FE007BFB93 /* Resources */,
			);
			buildRules = (
			);
			dependencies = (
			);
			name = Partage;
			productName = Partage;
			productReference = 2AB43525229E55FE007BFB93 /* Partage.app */;
			productType = "com.apple.product-type.application";
		};
/* End PBXNativeTarget section */

/* Begin PBXProject section */
		2AB4351D229E55FE007BFB93 /* Project object */ = {
			isa = PBXProject;
			attributes = {
				LastSwiftUpdateCheck = 1020;
				LastUpgradeCheck = 1020;
				ORGANIZATIONNAME = "Roland Lariotte";
				TargetAttributes = {
					2AB43524229E55FE007BFB93 = {
						CreatedOnToolsVersion = 10.2.1;
					};
				};
			};
			buildConfigurationList = 2AB43520229E55FE007BFB93 /* Build configuration list for PBXProject "Partage" */;
			compatibilityVersion = "Xcode 10.0";
			developmentRegion = en;
			hasScannedForEncodings = 0;
			knownRegions = (
				en,
				Base,
			);
			mainGroup = 2AB4351C229E55FE007BFB93;
			productRefGroup = 2AB43526229E55FE007BFB93 /* Products */;
			projectDirPath = "";
			projectRoot = "";
			targets = (
				2AB43524229E55FE007BFB93 /* Partage */,
			);
		};
/* End PBXProject section */

/* Begin PBXResourcesBuildPhase section */
		2AB43523229E55FE007BFB93 /* Resources */ = {
			isa = PBXResourcesBuildPhase;
			buildActionMask = 2147483647;
			files = (
				2A98DF4222AE8E9F00F6F2AE /* Donator.storyboard in Resources */,
				2A289FA222A5477E00EB076A /* superclarendon-lt.ttf in Resources */,
				2AFA4EC122A8FC9E0039803E /* HistoryTVC.xib in Resources */,
				2AC8D0F822A1291700416832 /* Profile.storyboard in Resources */,
				2AB43533229E55FF007BFB93 /* LaunchScreen.storyboard in Resources */,
				2AB43530229E55FF007BFB93 /* Assets.xcassets in Resources */,
				2AC159FE22A7C40E00CE935B /* SignInSignUp.storyboard in Resources */,
				2ADD45D322A634DB003B12E6 /* ConversationTVC.xib in Resources */,
				2AD516A422B11ECD0032F28F /* MapView.storyboard in Resources */,
				2AB4352E229E55FE007BFB93 /* Main.storyboard in Resources */,
				2A90FB3E229FB54C006C246B /* superclarendon-rg-bold.ttf in Resources */,
				2A901E9F22AFA05900D3DD2A /* ItemImages.storyboard in Resources */,
				2AC8D0FC22A129A900416832 /* Sharing.storyboard in Resources */,
				2A98DF4422AE8EAA00F6F2AE /* Receiver.storyboard in Resources */,
				2A90FB3C229F3C30006C246B /* Arial Black.ttf in Resources */,
				2A87EC6422A65A6000EB969D /* SenderTVC.xib in Resources */,
				2A289FA022A53E4200EB076A /* MessageTVC.xib in Resources */,
				2AFA4EC522A8FCBB0039803E /* FavoriteTVC.xib in Resources */,
				2AC8D0FA22A1298A00416832 /* Message.storyboard in Resources */,
				2A901EAC22AFF9C000D3DD2A /* ReceiverTVC.xib in Resources */,
				2AC8D0FE22A12A5000416832 /* HistoryFavorite.storyboard in Resources */,
			);
			runOnlyForDeploymentPostprocessing = 0;
		};
/* End PBXResourcesBuildPhase section */

/* Begin PBXSourcesBuildPhase section */
		2AB43521229E55FE007BFB93 /* Sources */ = {
			isa = PBXSourcesBuildPhase;
			buildActionMask = 2147483647;
			files = (
				2A901EAE22AFFDDB00D3DD2A /* CustomCell.swift in Sources */,
				2A98DF4A22AEBC9800F6F2AE /* DonatorItem.swift in Sources */,
				2AFA4ECE22A9AB320039803E /* CustomFont.swift in Sources */,
				2AFA4ED022A9AB540039803E /* FontSize.swift in Sources */,
				2ADD45D222A634DB003B12E6 /* ConversationTVC.swift in Sources */,
				2AFA4EC722A914A00039803E /* UIBarButtonItem.swift in Sources */,
				2A067282229EB94000FFAECE /* UIViewController.swift in Sources */,
				2AB43545229E63F1007BFB93 /* MessageVC.swift in Sources */,
				2A98DF4E22AECFCC00F6F2AE /* UITextView.swift in Sources */,
				2A901EA422AFA19200D3DD2A /* Segue.swift in Sources */,
				2AAA794322AAB8E000529F2B /* ItemDetailsVC.swift in Sources */,
				2A87EC5E22A6453800EB969D /* Message.swift in Sources */,
				2A067280229EAE4000FFAECE /* UIColor.swift in Sources */,
				2A87EC6322A65A6000EB969D /* SenderTVC.swift in Sources */,
				2A289FAE22A5734400EB076A /* ConversationVC.swift in Sources */,
				2A901EAB22AFF9C000D3DD2A /* ReceiverTVC.swift in Sources */,
				2AB43541229E638B007BFB93 /* ProfileVC.swift in Sources */,
				2AFA4EC422A8FCBB0039803E /* FavoriteTVC.swift in Sources */,
				2A90FB4222A05D40006C246B /* CameraHandler.swift in Sources */,
				2AF66B2B22AC0D5B005BAE31 /* ActionSheetLabel.swift in Sources */,
				2AAA793D22AA47E800529F2B /* UITextField.swift in Sources */,
				2AD516A122B05B280032F28F /* ItemSelectedVC.swift in Sources */,
				2A901EA222AFA0B100D3DD2A /* ItemImagesVC.swift in Sources */,
				2A067284229ED63E00FFAECE /* EditProfileVC.swift in Sources */,
				2AC8D0F522A0869D00416832 /* UIAlert.swift in Sources */,
				2AC159FB22A7BBEA00CE935B /* UIButton.swift in Sources */,
				2A98DF4822AE8F9200F6F2AE /* ReceiverVC.swift in Sources */,
				2AB43547229E6425007BFB93 /* HistoryFavoriteVC.swift in Sources */,
				2AD516A922B11F640032F28F /* MapViewVC.swift in Sources */,
				2A289FA822A56B0200EB076A /* User.swift in Sources */,
				2AE322B522ADC69400CF627C /* AlertMessage.swift in Sources */,
				2AFA4EC022A8FC9E0039803E /* HistoryTVC.swift in Sources */,
				2AB43543229E63C6007BFB93 /* SharingVC.swift in Sources */,
				2AD516AB22B13A5B0032F28F /* LocationHandler.swift in Sources */,
				2A98DF4C22AEBD6400F6F2AE /* DonatorItemType.swift in Sources */,
				2A06727E229E907900FFAECE /* UIImageView.swift in Sources */,
				2AC15A0122A7C4D200CE935B /* SignInSignUpVC.swift in Sources */,
				2AFA4ECC22A9AAF30039803E /* ButtonName.swift in Sources */,
				2AFA4ECA22A9AA290039803E /* StaticLabel.swift in Sources */,
				2A289FA622A55B4C00EB076A /* UINavigationItem.swift in Sources */,
				2AE322B322ADC5B600CF627C /* AlertTitle.swift in Sources */,
				2AF66B2722ABBF22005BAE31 /* StaticItemDetail.swift in Sources */,
				2A289F9F22A53E4200EB076A /* MessageTVC.swift in Sources */,
				2AF66B2922AC0AA8005BAE31 /* EventHandler.swift in Sources */,
				2A87EC6622A69AE000EB969D /* UITableView.swift in Sources */,
				2A98DF4622AE8F6800F6F2AE /* DonatorVC.swift in Sources */,
				2AC15A0322A7FC2C00CE935B /* LostPasswordVC.swift in Sources */,
				2A90FB40229FC3DF006C246B /* UIFont.swift in Sources */,
				2AB43529229E55FE007BFB93 /* AppDelegate.swift in Sources */,
			);
			runOnlyForDeploymentPostprocessing = 0;
		};
/* End PBXSourcesBuildPhase section */

/* Begin PBXVariantGroup section */
		2AB4352C229E55FE007BFB93 /* Main.storyboard */ = {
			isa = PBXVariantGroup;
			children = (
				2AB4352D229E55FE007BFB93 /* Base */,
			);
			name = Main.storyboard;
			sourceTree = "<group>";
		};
		2AB43531229E55FF007BFB93 /* LaunchScreen.storyboard */ = {
			isa = PBXVariantGroup;
			children = (
				2AB43532229E55FF007BFB93 /* Base */,
			);
			name = LaunchScreen.storyboard;
			sourceTree = "<group>";
		};
/* End PBXVariantGroup section */

/* Begin XCBuildConfiguration section */
		2AB43535229E55FF007BFB93 /* Debug */ = {
			isa = XCBuildConfiguration;
			buildSettings = {
				ALWAYS_SEARCH_USER_PATHS = NO;
				CLANG_ANALYZER_NONNULL = YES;
				CLANG_ANALYZER_NUMBER_OBJECT_CONVERSION = YES_AGGRESSIVE;
				CLANG_CXX_LANGUAGE_STANDARD = "gnu++14";
				CLANG_CXX_LIBRARY = "libc++";
				CLANG_ENABLE_MODULES = YES;
				CLANG_ENABLE_OBJC_ARC = YES;
				CLANG_ENABLE_OBJC_WEAK = YES;
				CLANG_WARN_BLOCK_CAPTURE_AUTORELEASING = YES;
				CLANG_WARN_BOOL_CONVERSION = YES;
				CLANG_WARN_COMMA = YES;
				CLANG_WARN_CONSTANT_CONVERSION = YES;
				CLANG_WARN_DEPRECATED_OBJC_IMPLEMENTATIONS = YES;
				CLANG_WARN_DIRECT_OBJC_ISA_USAGE = YES_ERROR;
				CLANG_WARN_DOCUMENTATION_COMMENTS = YES;
				CLANG_WARN_EMPTY_BODY = YES;
				CLANG_WARN_ENUM_CONVERSION = YES;
				CLANG_WARN_INFINITE_RECURSION = YES;
				CLANG_WARN_INT_CONVERSION = YES;
				CLANG_WARN_NON_LITERAL_NULL_CONVERSION = YES;
				CLANG_WARN_OBJC_IMPLICIT_RETAIN_SELF = YES;
				CLANG_WARN_OBJC_LITERAL_CONVERSION = YES;
				CLANG_WARN_OBJC_ROOT_CLASS = YES_ERROR;
				CLANG_WARN_RANGE_LOOP_ANALYSIS = YES;
				CLANG_WARN_STRICT_PROTOTYPES = YES;
				CLANG_WARN_SUSPICIOUS_MOVE = YES;
				CLANG_WARN_UNGUARDED_AVAILABILITY = YES_AGGRESSIVE;
				CLANG_WARN_UNREACHABLE_CODE = YES;
				CLANG_WARN__DUPLICATE_METHOD_MATCH = YES;
				CODE_SIGN_IDENTITY = "iPhone Developer";
				COPY_PHASE_STRIP = NO;
				DEBUG_INFORMATION_FORMAT = dwarf;
				ENABLE_STRICT_OBJC_MSGSEND = YES;
				ENABLE_TESTABILITY = YES;
				GCC_C_LANGUAGE_STANDARD = gnu11;
				GCC_DYNAMIC_NO_PIC = NO;
				GCC_NO_COMMON_BLOCKS = YES;
				GCC_OPTIMIZATION_LEVEL = 0;
				GCC_PREPROCESSOR_DEFINITIONS = (
					"DEBUG=1",
					"$(inherited)",
				);
				GCC_WARN_64_TO_32_BIT_CONVERSION = YES;
				GCC_WARN_ABOUT_RETURN_TYPE = YES_ERROR;
				GCC_WARN_UNDECLARED_SELECTOR = YES;
				GCC_WARN_UNINITIALIZED_AUTOS = YES_AGGRESSIVE;
				GCC_WARN_UNUSED_FUNCTION = YES;
				GCC_WARN_UNUSED_VARIABLE = YES;
				IPHONEOS_DEPLOYMENT_TARGET = 12.2;
				MTL_ENABLE_DEBUG_INFO = INCLUDE_SOURCE;
				MTL_FAST_MATH = YES;
				ONLY_ACTIVE_ARCH = YES;
				SDKROOT = iphoneos;
				SWIFT_ACTIVE_COMPILATION_CONDITIONS = DEBUG;
				SWIFT_OPTIMIZATION_LEVEL = "-Onone";
			};
			name = Debug;
		};
		2AB43536229E55FF007BFB93 /* Release */ = {
			isa = XCBuildConfiguration;
			buildSettings = {
				ALWAYS_SEARCH_USER_PATHS = NO;
				CLANG_ANALYZER_NONNULL = YES;
				CLANG_ANALYZER_NUMBER_OBJECT_CONVERSION = YES_AGGRESSIVE;
				CLANG_CXX_LANGUAGE_STANDARD = "gnu++14";
				CLANG_CXX_LIBRARY = "libc++";
				CLANG_ENABLE_MODULES = YES;
				CLANG_ENABLE_OBJC_ARC = YES;
				CLANG_ENABLE_OBJC_WEAK = YES;
				CLANG_WARN_BLOCK_CAPTURE_AUTORELEASING = YES;
				CLANG_WARN_BOOL_CONVERSION = YES;
				CLANG_WARN_COMMA = YES;
				CLANG_WARN_CONSTANT_CONVERSION = YES;
				CLANG_WARN_DEPRECATED_OBJC_IMPLEMENTATIONS = YES;
				CLANG_WARN_DIRECT_OBJC_ISA_USAGE = YES_ERROR;
				CLANG_WARN_DOCUMENTATION_COMMENTS = YES;
				CLANG_WARN_EMPTY_BODY = YES;
				CLANG_WARN_ENUM_CONVERSION = YES;
				CLANG_WARN_INFINITE_RECURSION = YES;
				CLANG_WARN_INT_CONVERSION = YES;
				CLANG_WARN_NON_LITERAL_NULL_CONVERSION = YES;
				CLANG_WARN_OBJC_IMPLICIT_RETAIN_SELF = YES;
				CLANG_WARN_OBJC_LITERAL_CONVERSION = YES;
				CLANG_WARN_OBJC_ROOT_CLASS = YES_ERROR;
				CLANG_WARN_RANGE_LOOP_ANALYSIS = YES;
				CLANG_WARN_STRICT_PROTOTYPES = YES;
				CLANG_WARN_SUSPICIOUS_MOVE = YES;
				CLANG_WARN_UNGUARDED_AVAILABILITY = YES_AGGRESSIVE;
				CLANG_WARN_UNREACHABLE_CODE = YES;
				CLANG_WARN__DUPLICATE_METHOD_MATCH = YES;
				CODE_SIGN_IDENTITY = "iPhone Developer";
				COPY_PHASE_STRIP = NO;
				DEBUG_INFORMATION_FORMAT = "dwarf-with-dsym";
				ENABLE_NS_ASSERTIONS = NO;
				ENABLE_STRICT_OBJC_MSGSEND = YES;
				GCC_C_LANGUAGE_STANDARD = gnu11;
				GCC_NO_COMMON_BLOCKS = YES;
				GCC_WARN_64_TO_32_BIT_CONVERSION = YES;
				GCC_WARN_ABOUT_RETURN_TYPE = YES_ERROR;
				GCC_WARN_UNDECLARED_SELECTOR = YES;
				GCC_WARN_UNINITIALIZED_AUTOS = YES_AGGRESSIVE;
				GCC_WARN_UNUSED_FUNCTION = YES;
				GCC_WARN_UNUSED_VARIABLE = YES;
				IPHONEOS_DEPLOYMENT_TARGET = 12.2;
				MTL_ENABLE_DEBUG_INFO = NO;
				MTL_FAST_MATH = YES;
				SDKROOT = iphoneos;
				SWIFT_COMPILATION_MODE = wholemodule;
				SWIFT_OPTIMIZATION_LEVEL = "-O";
				VALIDATE_PRODUCT = YES;
			};
			name = Release;
		};
		2AB43538229E55FF007BFB93 /* Debug */ = {
			isa = XCBuildConfiguration;
			buildSettings = {
				ASSETCATALOG_COMPILER_APPICON_NAME = AppIcon;
				CODE_SIGN_STYLE = Automatic;
				DEVELOPMENT_TEAM = P8UNJX8SHV;
				INFOPLIST_FILE = "$(SRCROOT)/Partage/Supporting Files/Info.plist";
				IPHONEOS_DEPLOYMENT_TARGET = 10.0;
				LD_RUNPATH_SEARCH_PATHS = (
					"$(inherited)",
					"@executable_path/Frameworks",
				);
				PRODUCT_BUNDLE_IDENTIFIER = com.Sparklydust.Partage;
				PRODUCT_NAME = "$(TARGET_NAME)";
				SWIFT_VERSION = 5.0;
				TARGETED_DEVICE_FAMILY = "1,2";
			};
			name = Debug;
		};
		2AB43539229E55FF007BFB93 /* Release */ = {
			isa = XCBuildConfiguration;
			buildSettings = {
				ASSETCATALOG_COMPILER_APPICON_NAME = AppIcon;
				CODE_SIGN_STYLE = Automatic;
				DEVELOPMENT_TEAM = P8UNJX8SHV;
				INFOPLIST_FILE = "$(SRCROOT)/Partage/Supporting Files/Info.plist";
				IPHONEOS_DEPLOYMENT_TARGET = 10.0;
				LD_RUNPATH_SEARCH_PATHS = (
					"$(inherited)",
					"@executable_path/Frameworks",
				);
				PRODUCT_BUNDLE_IDENTIFIER = com.Sparklydust.Partage;
				PRODUCT_NAME = "$(TARGET_NAME)";
				SWIFT_VERSION = 5.0;
				TARGETED_DEVICE_FAMILY = "1,2";
			};
			name = Release;
		};
/* End XCBuildConfiguration section */

/* Begin XCConfigurationList section */
		2AB43520229E55FE007BFB93 /* Build configuration list for PBXProject "Partage" */ = {
			isa = XCConfigurationList;
			buildConfigurations = (
				2AB43535229E55FF007BFB93 /* Debug */,
				2AB43536229E55FF007BFB93 /* Release */,
			);
			defaultConfigurationIsVisible = 0;
			defaultConfigurationName = Release;
		};
		2AB43537229E55FF007BFB93 /* Build configuration list for PBXNativeTarget "Partage" */ = {
			isa = XCConfigurationList;
			buildConfigurations = (
				2AB43538229E55FF007BFB93 /* Debug */,
				2AB43539229E55FF007BFB93 /* Release */,
			);
			defaultConfigurationIsVisible = 0;
			defaultConfigurationName = Release;
		};
/* End XCConfigurationList section */
	};
	rootObject = 2AB4351D229E55FE007BFB93 /* Project object */;
}
